
Microsoft Visual Studio Solution File, Format Version 12.00
# Visual Studio 14
VisualStudioVersion = 14.0.25420.1
MinimumVisualStudioVersion = 10.0.40219.1
Project("{FAE04EC0-301F-11D3-BF4B-00C04F79EFBC}") = "MagHack.RestAPI", "MagHack\MagHack.RestAPI.csproj", "{A3BCB5C8-F8CC-4D60-831C-D29784B8569B}"
EndProject
Project("{FAE04EC0-301F-11D3-BF4B-00C04F79EFBC}") = "MacgHack.Core", "MacgHack.Core\MacgHack.Core.csproj", "{3F362E1A-542B-4D46-9772-08DD4679A98E}"
EndProject
Global
	GlobalSection(SolutionConfigurationPlatforms) = preSolution
		Debug|Any CPU = Debug|Any CPU
		Release|Any CPU = Release|Any CPU
	EndGlobalSection
	GlobalSection(ProjectConfigurationPlatforms) = postSolution
		{A3BCB5C8-F8CC-4D60-831C-D29784B8569B}.Debug|Any CPU.ActiveCfg = Debug|Any CPU
		{A3BCB5C8-F8CC-4D60-831C-D29784B8569B}.Debug|Any CPU.Build.0 = Debug|Any CPU
		{A3BCB5C8-F8CC-4D60-831C-D29784B8569B}.Release|Any CPU.ActiveCfg = Release|Any CPU
		{A3BCB5C8-F8CC-4D60-831C-D29784B8569B}.Release|Any CPU.Build.0 = Release|Any CPU
		{3F362E1A-542B-4D46-9772-08DD4679A98E}.Debug|Any CPU.ActiveCfg = Debug|Any CPU
		{3F362E1A-542B-4D46-9772-08DD4679A98E}.Debug|Any CPU.Build.0 = Debug|Any CPU
		{3F362E1A-542B-4D46-9772-08DD4679A98E}.Release|Any CPU.ActiveCfg = Release|Any CPU
		{3F362E1A-542B-4D46-9772-08DD4679A98E}.Release|Any CPU.Build.0 = Release|Any CPU
	EndGlobalSection
	GlobalSection(SolutionProperties) = preSolution
		HideSolutionNode = FALSE
	EndGlobalSection
EndGlobal
